// !$*UTF8*$!
{
	archiveVersion = 1;
	classes = {
	};
	objectVersion = 46;
	objects = {

/* Begin PBXBuildFile section */
		189AB6B81D0C1C0E002C3526 /* AppDelegate.swift in Sources */ = {isa = PBXBuildFile; fileRef = 189AB6B71D0C1C0E002C3526 /* AppDelegate.swift */; };
		189AB6BA1D0C1C0E002C3526 /* ViewController.swift in Sources */ = {isa = PBXBuildFile; fileRef = 189AB6B91D0C1C0E002C3526 /* ViewController.swift */; };
		189AB6BD1D0C1C0E002C3526 /* Main.storyboard in Resources */ = {isa = PBXBuildFile; fileRef = 189AB6BB1D0C1C0E002C3526 /* Main.storyboard */; };
		189AB6C01D0C1C0E002C3526 /* Vertretungsplan.xcdatamodeld in Sources */ = {isa = PBXBuildFile; fileRef = 189AB6BE1D0C1C0E002C3526 /* Vertretungsplan.xcdatamodeld */; };
		189AB6C21D0C1C0E002C3526 /* Assets.xcassets in Resources */ = {isa = PBXBuildFile; fileRef = 189AB6C11D0C1C0E002C3526 /* Assets.xcassets */; };
		189AB6C51D0C1C0E002C3526 /* LaunchScreen.storyboard in Resources */ = {isa = PBXBuildFile; fileRef = 189AB6C31D0C1C0E002C3526 /* LaunchScreen.storyboard */; };
/* End PBXBuildFile section */

/* Begin PBXFileReference section */
		189AB6B41D0C1C0E002C3526 /* Vertretungsplan.app */ = {isa = PBXFileReference; explicitFileType = wrapper.application; includeInIndex = 0; path = Vertretungsplan.app; sourceTree = BUILT_PRODUCTS_DIR; };
		189AB6B71D0C1C0E002C3526 /* AppDelegate.swift */ = {isa = PBXFileReference; lastKnownFileType = sourcecode.swift; path = AppDelegate.swift; sourceTree = "<group>"; };
		189AB6B91D0C1C0E002C3526 /* ViewController.swift */ = {isa = PBXFileReference; lastKnownFileType = sourcecode.swift; path = ViewController.swift; sourceTree = "<group>"; };
		189AB6BC1D0C1C0E002C3526 /* Base */ = {isa = PBXFileReference; lastKnownFileType = file.storyboard; name = Base; path = Base.lproj/Main.storyboard; sourceTree = "<group>"; };
		189AB6BF1D0C1C0E002C3526 /* Vertretungsplan.xcdatamodel */ = {isa = PBXFileReference; lastKnownFileType = wrapper.xcdatamodel; path = Vertretungsplan.xcdatamodel; sourceTree = "<group>"; };
		189AB6C11D0C1C0E002C3526 /* Assets.xcassets */ = {isa = PBXFileReference; lastKnownFileType = folder.assetcatalog; path = Assets.xcassets; sourceTree = "<group>"; };
		189AB6C41D0C1C0E002C3526 /* Base */ = {isa = PBXFileReference; lastKnownFileType = file.storyboard; name = Base; path = Base.lproj/LaunchScreen.storyboard; sourceTree = "<group>"; };
		189AB6C61D0C1C0E002C3526 /* Info.plist */ = {isa = PBXFileReference; lastKnownFileType = text.plist.xml; path = Info.plist; sourceTree = "<group>"; };
/* End PBXFileReference section */

/* Begin PBXFrameworksBuildPhase section */
		189AB6B11D0C1C0E002C3526 /* Frameworks */ = {
			isa = PBXFrameworksBuildPhase;
			buildActionMask = 2147483647;
			files = (
			);
			runOnlyForDeploymentPostprocessing = 0;
		};
/* End PBXFrameworksBuildPhase section */

/* Begin PBXGroup section */
		189AB6AB1D0C1C0D002C3526 = {
			isa = PBXGroup;
			children = (
				189AB6B61D0C1C0E002C3526 /* Vertretungsplan */,
				189AB6B51D0C1C0E002C3526 /* Products */,
			);
			sourceTree = "<group>";
		};
		189AB6B51D0C1C0E002C3526 /* Products */ = {
			isa = PBXGroup;
			children = (
				189AB6B41D0C1C0E002C3526 /* Vertretungsplan.app */,
			);
			name = Products;
			sourceTree = "<group>";
		};
		189AB6B61D0C1C0E002C3526 /* Vertretungsplan */ = {
			isa = PBXGroup;
			children = (
				189AB6B71D0C1C0E002C3526 /* AppDelegate.swift */,
				189AB6B91D0C1C0E002C3526 /* ViewController.swift */,
				189AB6BB1D0C1C0E002C3526 /* Main.storyboard */,
				189AB6C11D0C1C0E002C3526 /* Assets.xcassets */,
				189AB6C31D0C1C0E002C3526 /* LaunchScreen.storyboard */,
				189AB6C61D0C1C0E002C3526 /* Info.plist */,
				189AB6BE1D0C1C0E002C3526 /* Vertretungsplan.xcdatamodeld */,
			);
			path = Vertretungsplan;
			sourceTree = "<group>";
		};
/* End PBXGroup section */

/* Begin PBXNativeTarget section */
		189AB6B31D0C1C0E002C3526 /* Vertretungsplan */ = {
			isa = PBXNativeTarget;
			buildConfigurationList = 189AB6C91D0C1C0E002C3526 /* Build configuration list for PBXNativeTarget "Vertretungsplan" */;
			buildPhases = (
				189AB6B01D0C1C0E002C3526 /* Sources */,
				189AB6B11D0C1C0E002C3526 /* Frameworks */,
				189AB6B21D0C1C0E002C3526 /* Resources */,
			);
			buildRules = (
			);
			dependencies = (
			);
			name = Vertretungsplan;
			productName = Vertretungsplan;
			productReference = 189AB6B41D0C1C0E002C3526 /* Vertretungsplan.app */;
			productType = "com.apple.product-type.application";
		};
/* End PBXNativeTarget section */

/* Begin PBXProject section */
		189AB6AC1D0C1C0D002C3526 /* Project object */ = {
			isa = PBXProject;
			attributes = {
				LastSwiftUpdateCheck = 0730;
				LastUpgradeCheck = 0730;
				ORGANIZATIONNAME = "Tim Grohmann";
				TargetAttributes = {
					189AB6B31D0C1C0E002C3526 = {
						CreatedOnToolsVersion = 7.3.1;
					};
				};
			};
			buildConfigurationList = 189AB6AF1D0C1C0D002C3526 /* Build configuration list for PBXProject "Vertretungsplan" */;
			compatibilityVersion = "Xcode 3.2";
			developmentRegion = English;
			hasScannedForEncodings = 0;
			knownRegions = (
				en,
				Base,
			);
			mainGroup = 189AB6AB1D0C1C0D002C3526;
			productRefGroup = 189AB6B51D0C1C0E002C3526 /* Products */;
			projectDirPath = "";
			projectRoot = "";
			targets = (
				189AB6B31D0C1C0E002C3526 /* Vertretungsplan */,
			);
		};
/* End PBXProject section */

/* Begin PBXResourcesBuildPhase section */
		189AB6B21D0C1C0E002C3526 /* Resources */ = {
			isa = PBXResourcesBuildPhase;
			buildActionMask = 2147483647;
			files = (
				189AB6C51D0C1C0E002C3526 /* LaunchScreen.storyboard in Resources */,
				189AB6C21D0C1C0E002C3526 /* Assets.xcassets in Resources */,
				189AB6BD1D0C1C0E002C3526 /* Main.storyboard in Resources */,
			);
			runOnlyForDeploymentPostprocessing = 0;
		};
/* End PBXResourcesBuildPhase section */

/* Begin PBXSourcesBuildPhase section */
		189AB6B01D0C1C0E002C3526 /* Sources */ = {
			isa = PBXSourcesBuildPhase;
			buildActionMask = 2147483647;
			files = (
				189AB6BA1D0C1C0E002C3526 /* ViewController.swift in Sources */,
				189AB6C01D0C1C0E002C3526 /* Vertretungsplan.xcdatamodeld in Sources */,
				189AB6B81D0C1C0E002C3526 /* AppDelegate.swift in Sources */,
			);
			runOnlyForDeploymentPostprocessing = 0;
		};
/* End PBXSourcesBuildPhase section */

/* Begin PBXVariantGroup section */
		189AB6BB1D0C1C0E002C3526 /* Main.storyboard */ = {
			isa = PBXVariantGroup;
			children = (
				189AB6BC1D0C1C0E002C3526 /* Base */,
			);
			name = Main.storyboard;
			sourceTree = "<group>";
		};
		189AB6C31D0C1C0E002C3526 /* LaunchScreen.storyboard */ = {
			isa = PBXVariantGroup;
			children = (
				189AB6C41D0C1C0E002C3526 /* Base */,
			);
			name = LaunchScreen.storyboard;
			sourceTree = "<group>";
		};
/* End PBXVariantGroup section */

/* Begin XCBuildConfiguration section */
		189AB6C71D0C1C0E002C3526 /* Debug */ = {
			isa = XCBuildConfiguration;
			buildSettings = {
				ALWAYS_SEARCH_USER_PATHS = NO;
				CLANG_ANALYZER_NONNULL = YES;
				CLANG_CXX_LANGUAGE_STANDARD = "gnu++0x";
				CLANG_CXX_LIBRARY = "libc++";
				CLANG_ENABLE_MODULES = YES;
				CLANG_ENABLE_OBJC_ARC = YES;
				CLANG_WARN_BOOL_CONVERSION = YES;
				CLANG_WARN_CONSTANT_CONVERSION = YES;
				CLANG_WARN_DIRECT_OBJC_ISA_USAGE = YES_ERROR;
				CLANG_WARN_EMPTY_BODY = YES;
				CLANG_WARN_ENUM_CONVERSION = YES;
				CLANG_WARN_INT_CONVERSION = YES;
				CLANG_WARN_OBJC_ROOT_CLASS = YES_ERROR;
				CLANG_WARN_UNREACHABLE_CODE = YES;
				CLANG_WARN__DUPLICATE_METHOD_MATCH = YES;
				"CODE_SIGN_IDENTITY[sdk=iphoneos*]" = "iPhone Developer";
				COPY_PHASE_STRIP = NO;
				DEBUG_INFORMATION_FORMAT = dwarf;
				ENABLE_STRICT_OBJC_MSGSEND = YES;
				ENABLE_TESTABILITY = YES;
				GCC_C_LANGUAGE_STANDARD = gnu99;
				GCC_DYNAMIC_NO_PIC = NO;
				GCC_NO_COMMON_BLOCKS = YES;
				GCC_OPTIMIZATION_LEVEL = 0;
				GCC_PREPROCESSOR_DEFINITIONS = (
					"DEBUG=1",
					"$(inherited)",
				);
				GCC_WARN_64_TO_32_BIT_CONVERSION = YES;
				GCC_WARN_ABOUT_RETURN_TYPE = YES_ERROR;
				GCC_WARN_UNDECLARED_SELECTOR = YES;
				GCC_WARN_UNINITIALIZED_AUTOS = YES_AGGRESSIVE;
				GCC_WARN_UNUSED_FUNCTION = YES;
				GCC_WARN_UNUSED_VARIABLE = YES;
				IPHONEOS_DEPLOYMENT_TARGET = 9.3;
				MTL_ENABLE_DEBUG_INFO = YES;
				ONLY_ACTIVE_ARCH = YES;
				SDKROOT = iphoneos;
				SWIFT_OPTIMIZATION_LEVEL = "-Onone";
			};
			name = Debug;
		};
		189AB6C81D0C1C0E002C3526 /* Release */ = {
			isa = XCBuildConfiguration;
			buildSettings = {
				ALWAYS_SEARCH_USER_PATHS = NO;
				CLANG_ANALYZER_NONNULL = YES;
				CLANG_CXX_LANGUAGE_STANDARD = "gnu++0x";
				CLANG_CXX_LIBRARY = "libc++";
				CLANG_ENABLE_MODULES = YES;
				CLANG_ENABLE_OBJC_ARC = YES;
				CLANG_WARN_BOOL_CONVERSION = YES;
				CLANG_WARN_CONSTANT_CONVERSION = YES;
				CLANG_WARN_DIRECT_OBJC_ISA_USAGE = YES_ERROR;
				CLANG_WARN_EMPTY_BODY = YES;
				CLANG_WARN_ENUM_CONVERSION = YES;
				CLANG_WARN_INT_CONVERSION = YES;
				CLANG_WARN_OBJC_ROOT_CLASS = YES_ERROR;
				CLANG_WARN_UNREACHABLE_CODE = YES;
				CLANG_WARN__DUPLICATE_METHOD_MATCH = YES;
				"CODE_SIGN_IDENTITY[sdk=iphoneos*]" = "iPhone Developer";
				COPY_PHASE_STRIP = NO;
				DEBUG_INFORMATION_FORMAT = "dwarf-with-dsym";
				ENABLE_NS_ASSERTIONS = NO;
				ENABLE_STRICT_OBJC_MSGSEND = YES;
				GCC_C_LANGUAGE_STANDARD = gnu99;
				GCC_NO_COMMON_BLOCKS = YES;
				GCC_WARN_64_TO_32_BIT_CONVERSION = YES;
				GCC_WARN_ABOUT_RETURN_TYPE = YES_ERROR;
				GCC_WARN_UNDECLARED_SELECTOR = YES;
				GCC_WARN_UNINITIALIZED_AUTOS = YES_AGGRESSIVE;
				GCC_WARN_UNUSED_FUNCTION = YES;
				GCC_WARN_UNUSED_VARIABLE = YES;
				IPHONEOS_DEPLOYMENT_TARGET = 9.3;
				MTL_ENABLE_DEBUG_INFO = NO;
				SDKROOT = iphoneos;
				VALIDATE_PRODUCT = YES;
			};
			name = Release;
		};
		189AB6CA1D0C1C0E002C3526 /* Debug */ = {
			isa = XCBuildConfiguration;
			buildSettings = {
				ASSETCATALOG_COMPILER_APPICON_NAME = AppIcon;
				INFOPLIST_FILE = Vertretungsplan/Info.plist;
				LD_RUNPATH_SEARCH_PATHS = "$(inherited) @executable_path/Frameworks";
				PRODUCT_BUNDLE_IDENTIFIER = "Tim-Grohmann.Vertretungsplan";
				PRODUCT_NAME = "$(TARGET_NAME)";
			};
			name = Debug;
		};
		189AB6CB1D0C1C0E002C3526 /* Release */ = {
			isa = XCBuildConfiguration;
			buildSettings = {
				ASSETCATALOG_COMPILER_APPICON_NAME = AppIcon;
				INFOPLIST_FILE = Vertretungsplan/Info.plist;
				LD_RUNPATH_SEARCH_PATHS = "$(inherited) @executable_path/Frameworks";
				PRODUCT_BUNDLE_IDENTIFIER = "Tim-Grohmann.Vertretungsplan";
				PRODUCT_NAME = "$(TARGET_NAME)";
			};
			name = Release;
		};
/* End XCBuildConfiguration section */

/* Begin XCConfigurationList section */
		189AB6AF1D0C1C0D002C3526 /* Build configuration list for PBXProject "Vertretungsplan" */ = {
			isa = XCConfigurationList;
			buildConfigurations = (
				189AB6C71D0C1C0E002C3526 /* Debug */,
				189AB6C81D0C1C0E002C3526 /* Release */,
			);
			defaultConfigurationIsVisible = 0;
			defaultConfigurationName = Release;
		};
		189AB6C91D0C1C0E002C3526 /* Build configuration list for PBXNativeTarget "Vertretungsplan" */ = {
			isa = XCConfigurationList;
			buildConfigurations = (
				189AB6CA1D0C1C0E002C3526 /* Debug */,
				189AB6CB1D0C1C0E002C3526 /* Release */,
			);
			defaultConfigurationIsVisible = 0;
		};
/* End XCConfigurationList section */

/* Begin XCVersionGroup section */
		189AB6BE1D0C1C0E002C3526 /* Vertretungsplan.xcdatamodeld */ = {
			isa = XCVersionGroup;
			children = (
				189AB6BF1D0C1C0E002C3526 /* Vertretungsplan.xcdatamodel */,
			);
			currentVersion = 189AB6BF1D0C1C0E002C3526 /* Vertretungsplan.xcdatamodel */;
			path = Vertretungsplan.xcdatamodeld;
			sourceTree = "<group>";
			versionGroupType = wrapper.xcdatamodel;
		};
/* End XCVersionGroup section */
	};
	rootObject = 189AB6AC1D0C1C0D002C3526 /* Project object */;
}
